
Microsoft Visual Studio Solution File, Format Version 12.00
# Visual Studio Version 16
VisualStudioVersion = 16.0.28803.202
MinimumVisualStudioVersion = 10.0.40219.1
Project("{2150E333-8FDC-42A3-9474-1A3956D46DE8}") = "Source", "Source", "{57BAE1BC-D418-4A95-B292-C0E9324B0A54}"
EndProject
Project("{2150E333-8FDC-42A3-9474-1A3956D46DE8}") = "Tests", "Tests", "{D57B72FA-A893-400C-AB2E-6919219A38D2}"
	ProjectSection(SolutionItems) = preProject
		Tests\.editorconfig = Tests\.editorconfig
	EndProjectSection
EndProject
Project("{9A19103F-16F7-4668-BE54-9A1E7A4F7556}") = "IngestTask.Server", "Source\IngestTask.Server\IngestTask.Server.csproj", "{F522EB3C-EF6B-4517-B8D7-F1363E7ADC6E}"
EndProject
Project("{9A19103F-16F7-4668-BE54-9A1E7A4F7556}") = "IngestTask.Client", "Source\IngestTask.Client\IngestTask.Client.csproj", "{2A41B472-8BCE-42D5-A64B-C1ED9C9BA60C}"
EndProject
Project("{9A19103F-16F7-4668-BE54-9A1E7A4F7556}") = "IngestTask.Server.IntegrationTest", "Tests\IngestTask.Server.IntegrationTest\IngestTask.Server.IntegrationTest.csproj", "{B186DB6A-88E5-40AB-B3E1-1468C925C9B7}"
EndProject
Project("{2150E333-8FDC-42A3-9474-1A3956D46DE8}") = "Solution Items", "Solution Items", "{FBD2504D-975E-4B64-B938-7DDD19C7DB9D}"
	ProjectSection(SolutionItems) = preProject
		.dockerignore = .dockerignore
		.editorconfig = .editorconfig
		.gitattributes = .gitattributes
		.gitignore = .gitignore
		build.cake = build.cake
		Directory.Build.props = Directory.Build.props
		dotnet-tools.json = dotnet-tools.json
	EndProjectSection
EndProject
Project("{2150E333-8FDC-42A3-9474-1A3956D46DE8}") = "Documentation", "Documentation", "{60E0F62E-605A-48F2-BFCA-C63B45AB6335}"
	ProjectSection(SolutionItems) = preProject
		README.md = README.md
	EndProjectSection
EndProject
Project("{9A19103F-16F7-4668-BE54-9A1E7A4F7556}") = "IngestTask.Tools", "Source\IngestTask.Tools\IngestTask.Tools.csproj", "{F83599BC-762D-4724-B009-E66AC80E3BE7}"
EndProject
Project("{9A19103F-16F7-4668-BE54-9A1E7A4F7556}") = "IngestTask.Grain", "Source\IngestTask.Grain\IngestTask.Grain.csproj", "{7E8B2202-D687-4A40-99C2-48B2810BB0A4}"
EndProject
Project("{9A19103F-16F7-4668-BE54-9A1E7A4F7556}") = "IngestTask.Abstraction", "Source\IngestTask.Abstraction\IngestTask.Abstraction.csproj", "{C63DDE5E-0C32-4EA3-AEB2-52D3BE846A59}"
EndProject
Project("{9A19103F-16F7-4668-BE54-9A1E7A4F7556}") = "IngestTask.Dto", "Source\IngestTask.Dto\IngestTask.Dto.csproj", "{88FCF8DF-3712-427D-9498-52E1CCDA69BE}"
EndProject
Project("{2150E333-8FDC-42A3-9474-1A3956D46DE8}") = "Dashboard", "Dashboard", "{C4538DAE-5263-4E61-A27E-AA3BBF25E085}"
EndProject
Project("{9A19103F-16F7-4668-BE54-9A1E7A4F7556}") = "OrleansDashboard", "Source\Dashboard\OrleansDashboard\OrleansDashboard.csproj", "{EE877D5B-DC8C-40AE-AB0B-23F46140A9F3}"
EndProject
Project("{9A19103F-16F7-4668-BE54-9A1E7A4F7556}") = "OrleansDashboard.Core", "Source\Dashboard\OrleansDashboard.Core\OrleansDashboard.Core.csproj", "{60E98E6C-CB42-4DBB-BF8B-D667E87C5CAD}"
EndProject
Project("{2150E333-8FDC-42A3-9474-1A3956D46DE8}") = "Tests", "Tests", "{BA5965CA-5E34-4970-BC43-49BFE594D19C}"
EndProject
Project("{9A19103F-16F7-4668-BE54-9A1E7A4F7556}") = "TestGrains", "Source\Dashboard\Tests\TestGrains\TestGrains.csproj", "{DC790B8B-7F73-497D-9E14-6905D7501C2B}"
EndProject
Project("{9A19103F-16F7-4668-BE54-9A1E7A4F7556}") = "UnitTests", "Source\Dashboard\Tests\UnitTests\UnitTests.csproj", "{98243085-A642-495B-A7F8-E811E112A340}"
EndProject
Project("{9A19103F-16F7-4668-BE54-9A1E7A4F7556}") = "PerformanceTests", "Source\Dashboard\Tests\PerformanceTests\PerformanceTests.csproj", "{6E8D1526-3108-4DFD-9861-8D8AAECDDDAA}"
EndProject
Project("{2150E333-8FDC-42A3-9474-1A3956D46DE8}") = "TestHosts", "TestHosts", "{C6EE9CB6-B795-4772-87AE-07A4469A9161}"
EndProject
Project("{9A19103F-16F7-4668-BE54-9A1E7A4F7556}") = "TestHost", "Source\Dashboard\Tests\TestHosts\TestHost\TestHost.csproj", "{9E64A3F8-8416-4CAA-8EAF-BF5238E5E3D4}"
EndProject
Project("{9A19103F-16F7-4668-BE54-9A1E7A4F7556}") = "TestHostCohosted", "Source\Dashboard\Tests\TestHosts\TestHostCohosted\TestHostCohosted.csproj", "{B84E7164-D42C-4CA4-9CF7-7B25DCB9FB1A}"
EndProject
Project("{9A19103F-16F7-4668-BE54-9A1E7A4F7556}") = "TestHostSeparate", "Source\Dashboard\Tests\TestHosts\TestHostSeparate\TestHostSeparate.csproj", "{655D743E-73BD-4A0F-9BB9-E424853DC6D6}"
EndProject
Global
	GlobalSection(SolutionConfigurationPlatforms) = preSolution
		Debug|Any CPU = Debug|Any CPU
		Release|Any CPU = Release|Any CPU
	EndGlobalSection
	GlobalSection(ProjectConfigurationPlatforms) = postSolution
		{F522EB3C-EF6B-4517-B8D7-F1363E7ADC6E}.Debug|Any CPU.ActiveCfg = Debug|Any CPU
		{F522EB3C-EF6B-4517-B8D7-F1363E7ADC6E}.Debug|Any CPU.Build.0 = Debug|Any CPU
		{F522EB3C-EF6B-4517-B8D7-F1363E7ADC6E}.Release|Any CPU.ActiveCfg = Release|Any CPU
		{F522EB3C-EF6B-4517-B8D7-F1363E7ADC6E}.Release|Any CPU.Build.0 = Release|Any CPU
		{2A41B472-8BCE-42D5-A64B-C1ED9C9BA60C}.Debug|Any CPU.ActiveCfg = Debug|Any CPU
		{2A41B472-8BCE-42D5-A64B-C1ED9C9BA60C}.Debug|Any CPU.Build.0 = Debug|Any CPU
		{2A41B472-8BCE-42D5-A64B-C1ED9C9BA60C}.Release|Any CPU.ActiveCfg = Release|Any CPU
		{2A41B472-8BCE-42D5-A64B-C1ED9C9BA60C}.Release|Any CPU.Build.0 = Release|Any CPU
		{B186DB6A-88E5-40AB-B3E1-1468C925C9B7}.Debug|Any CPU.ActiveCfg = Debug|Any CPU
		{B186DB6A-88E5-40AB-B3E1-1468C925C9B7}.Debug|Any CPU.Build.0 = Debug|Any CPU
		{B186DB6A-88E5-40AB-B3E1-1468C925C9B7}.Release|Any CPU.ActiveCfg = Release|Any CPU
		{B186DB6A-88E5-40AB-B3E1-1468C925C9B7}.Release|Any CPU.Build.0 = Release|Any CPU
		{F83599BC-762D-4724-B009-E66AC80E3BE7}.Debug|Any CPU.ActiveCfg = Debug|Any CPU
		{F83599BC-762D-4724-B009-E66AC80E3BE7}.Debug|Any CPU.Build.0 = Debug|Any CPU
		{F83599BC-762D-4724-B009-E66AC80E3BE7}.Release|Any CPU.ActiveCfg = Release|Any CPU
		{F83599BC-762D-4724-B009-E66AC80E3BE7}.Release|Any CPU.Build.0 = Release|Any CPU
		{7E8B2202-D687-4A40-99C2-48B2810BB0A4}.Debug|Any CPU.ActiveCfg = Debug|Any CPU
		{7E8B2202-D687-4A40-99C2-48B2810BB0A4}.Debug|Any CPU.Build.0 = Debug|Any CPU
		{7E8B2202-D687-4A40-99C2-48B2810BB0A4}.Release|Any CPU.ActiveCfg = Release|Any CPU
		{7E8B2202-D687-4A40-99C2-48B2810BB0A4}.Release|Any CPU.Build.0 = Release|Any CPU
		{C63DDE5E-0C32-4EA3-AEB2-52D3BE846A59}.Debug|Any CPU.ActiveCfg = Debug|Any CPU
		{C63DDE5E-0C32-4EA3-AEB2-52D3BE846A59}.Debug|Any CPU.Build.0 = Debug|Any CPU
		{C63DDE5E-0C32-4EA3-AEB2-52D3BE846A59}.Release|Any CPU.ActiveCfg = Release|Any CPU
		{C63DDE5E-0C32-4EA3-AEB2-52D3BE846A59}.Release|Any CPU.Build.0 = Release|Any CPU
		{88FCF8DF-3712-427D-9498-52E1CCDA69BE}.Debug|Any CPU.ActiveCfg = Debug|Any CPU
		{88FCF8DF-3712-427D-9498-52E1CCDA69BE}.Debug|Any CPU.Build.0 = Debug|Any CPU
		{88FCF8DF-3712-427D-9498-52E1CCDA69BE}.Release|Any CPU.ActiveCfg = Release|Any CPU
		{88FCF8DF-3712-427D-9498-52E1CCDA69BE}.Release|Any CPU.Build.0 = Release|Any CPU
		{EE877D5B-DC8C-40AE-AB0B-23F46140A9F3}.Debug|Any CPU.ActiveCfg = Debug|Any CPU
		{EE877D5B-DC8C-40AE-AB0B-23F46140A9F3}.Debug|Any CPU.Build.0 = Debug|Any CPU
		{EE877D5B-DC8C-40AE-AB0B-23F46140A9F3}.Release|Any CPU.ActiveCfg = Release|Any CPU
		{EE877D5B-DC8C-40AE-AB0B-23F46140A9F3}.Release|Any CPU.Build.0 = Release|Any CPU
		{60E98E6C-CB42-4DBB-BF8B-D667E87C5CAD}.Debug|Any CPU.ActiveCfg = Debug|Any CPU
		{60E98E6C-CB42-4DBB-BF8B-D667E87C5CAD}.Debug|Any CPU.Build.0 = Debug|Any CPU
		{60E98E6C-CB42-4DBB-BF8B-D667E87C5CAD}.Release|Any CPU.ActiveCfg = Release|Any CPU
		{60E98E6C-CB42-4DBB-BF8B-D667E87C5CAD}.Release|Any CPU.Build.0 = Release|Any CPU
		{DC790B8B-7F73-497D-9E14-6905D7501C2B}.Debug|Any CPU.ActiveCfg = Debug|Any CPU
		{DC790B8B-7F73-497D-9E14-6905D7501C2B}.Debug|Any CPU.Build.0 = Debug|Any CPU
		{DC790B8B-7F73-497D-9E14-6905D7501C2B}.Release|Any CPU.ActiveCfg = Release|Any CPU
		{DC790B8B-7F73-497D-9E14-6905D7501C2B}.Release|Any CPU.Build.0 = Release|Any CPU
		{98243085-A642-495B-A7F8-E811E112A340}.Debug|Any CPU.ActiveCfg = Debug|Any CPU
		{98243085-A642-495B-A7F8-E811E112A340}.Debug|Any CPU.Build.0 = Debug|Any CPU
		{98243085-A642-495B-A7F8-E811E112A340}.Release|Any CPU.ActiveCfg = Release|Any CPU
		{98243085-A642-495B-A7F8-E811E112A340}.Release|Any CPU.Build.0 = Release|Any CPU
		{6E8D1526-3108-4DFD-9861-8D8AAECDDDAA}.Debug|Any CPU.ActiveCfg = Debug|Any CPU
		{6E8D1526-3108-4DFD-9861-8D8AAECDDDAA}.Debug|Any CPU.Build.0 = Debug|Any CPU
		{6E8D1526-3108-4DFD-9861-8D8AAECDDDAA}.Release|Any CPU.ActiveCfg = Release|Any CPU
		{6E8D1526-3108-4DFD-9861-8D8AAECDDDAA}.Release|Any CPU.Build.0 = Release|Any CPU
		{9E64A3F8-8416-4CAA-8EAF-BF5238E5E3D4}.Debug|Any CPU.ActiveCfg = Debug|Any CPU
		{9E64A3F8-8416-4CAA-8EAF-BF5238E5E3D4}.Debug|Any CPU.Build.0 = Debug|Any CPU
		{9E64A3F8-8416-4CAA-8EAF-BF5238E5E3D4}.Release|Any CPU.ActiveCfg = Release|Any CPU
		{9E64A3F8-8416-4CAA-8EAF-BF5238E5E3D4}.Release|Any CPU.Build.0 = Release|Any CPU
		{B84E7164-D42C-4CA4-9CF7-7B25DCB9FB1A}.Debug|Any CPU.ActiveCfg = Debug|Any CPU
		{B84E7164-D42C-4CA4-9CF7-7B25DCB9FB1A}.Debug|Any CPU.Build.0 = Debug|Any CPU
		{B84E7164-D42C-4CA4-9CF7-7B25DCB9FB1A}.Release|Any CPU.ActiveCfg = Release|Any CPU
		{B84E7164-D42C-4CA4-9CF7-7B25DCB9FB1A}.Release|Any CPU.Build.0 = Release|Any CPU
		{655D743E-73BD-4A0F-9BB9-E424853DC6D6}.Debug|Any CPU.ActiveCfg = Debug|Any CPU
		{655D743E-73BD-4A0F-9BB9-E424853DC6D6}.Debug|Any CPU.Build.0 = Debug|Any CPU
		{655D743E-73BD-4A0F-9BB9-E424853DC6D6}.Release|Any CPU.ActiveCfg = Release|Any CPU
		{655D743E-73BD-4A0F-9BB9-E424853DC6D6}.Release|Any CPU.Build.0 = Release|Any CPU
	EndGlobalSection
	GlobalSection(SolutionProperties) = preSolution
		HideSolutionNode = FALSE
	EndGlobalSection
	GlobalSection(NestedProjects) = preSolution
		{F522EB3C-EF6B-4517-B8D7-F1363E7ADC6E} = {57BAE1BC-D418-4A95-B292-C0E9324B0A54}
		{2A41B472-8BCE-42D5-A64B-C1ED9C9BA60C} = {57BAE1BC-D418-4A95-B292-C0E9324B0A54}
		{B186DB6A-88E5-40AB-B3E1-1468C925C9B7} = {D57B72FA-A893-400C-AB2E-6919219A38D2}
		{F83599BC-762D-4724-B009-E66AC80E3BE7} = {57BAE1BC-D418-4A95-B292-C0E9324B0A54}
		{7E8B2202-D687-4A40-99C2-48B2810BB0A4} = {57BAE1BC-D418-4A95-B292-C0E9324B0A54}
		{C63DDE5E-0C32-4EA3-AEB2-52D3BE846A59} = {57BAE1BC-D418-4A95-B292-C0E9324B0A54}
		{88FCF8DF-3712-427D-9498-52E1CCDA69BE} = {57BAE1BC-D418-4A95-B292-C0E9324B0A54}
		{C4538DAE-5263-4E61-A27E-AA3BBF25E085} = {57BAE1BC-D418-4A95-B292-C0E9324B0A54}
		{EE877D5B-DC8C-40AE-AB0B-23F46140A9F3} = {C4538DAE-5263-4E61-A27E-AA3BBF25E085}
		{60E98E6C-CB42-4DBB-BF8B-D667E87C5CAD} = {C4538DAE-5263-4E61-A27E-AA3BBF25E085}
		{BA5965CA-5E34-4970-BC43-49BFE594D19C} = {C4538DAE-5263-4E61-A27E-AA3BBF25E085}
		{DC790B8B-7F73-497D-9E14-6905D7501C2B} = {BA5965CA-5E34-4970-BC43-49BFE594D19C}
		{98243085-A642-495B-A7F8-E811E112A340} = {BA5965CA-5E34-4970-BC43-49BFE594D19C}
		{6E8D1526-3108-4DFD-9861-8D8AAECDDDAA} = {BA5965CA-5E34-4970-BC43-49BFE594D19C}
		{C6EE9CB6-B795-4772-87AE-07A4469A9161} = {BA5965CA-5E34-4970-BC43-49BFE594D19C}
		{9E64A3F8-8416-4CAA-8EAF-BF5238E5E3D4} = {C6EE9CB6-B795-4772-87AE-07A4469A9161}
		{B84E7164-D42C-4CA4-9CF7-7B25DCB9FB1A} = {C6EE9CB6-B795-4772-87AE-07A4469A9161}
		{655D743E-73BD-4A0F-9BB9-E424853DC6D6} = {C6EE9CB6-B795-4772-87AE-07A4469A9161}
	EndGlobalSection
	GlobalSection(ExtensibilityGlobals) = postSolution
		SolutionGuid = {4E464B40-8B3D-427D-BA61-053DB0B94967}
	EndGlobalSection
EndGlobal
